PODS:
  - Kingfisher (7.9.1)
  - RxCocoa (6.5.0):
    - RxRelay (= 6.5.0)
    - RxSwift (= 6.5.0)
  - RxRelay (6.5.0):
    - RxSwift (= 6.5.0)
  - RxSwift (6.5.0)
  - SkeletonView (1.30.4)

DEPENDENCIES:
  - Kingfisher (~> 7.0)
  - RxCocoa (= 6.5.0)
  - RxSwift (= 6.5.0)
  - SkeletonView

SPEC REPOS:
  trunk:
    - Kingfisher
    - RxCocoa
    - RxRelay
    - RxSwift
    - SkeletonView

SPEC CHECKSUMS:
  Kingfisher: 1d14e9f59cbe19389f591c929000332bf70efd32
  RxCocoa: 94f817b71c07517321eb4f9ad299112ca8af743b
  RxRelay: 1de1523e604c72b6c68feadedd1af3b1b4d0ecbd
  RxSwift: 5710a9e6b17f3c3d6e40d6e559b9fa1e813b2ef8
  SkeletonView: 5a050f6411e697abd4cda0a8d767013399dccd69

PODFILE CHECKSUM: b345733e4a77e0f4120e1ca9c65e28e512fc78f3

COCOAPODS: 1.13.0
