// !$*UTF8*$!
{
	archiveVersion = 1;
	classes = {
	};
	objectVersion = 56;
	objects = {

/* Begin PBXBuildFile section */
		491C3CD8291A0BF800A62CDD /* AppDelegate.swift in Sources */ = {isa = PBXBuildFile; fileRef = 491C3CD7291A0BF800A62CDD /* AppDelegate.swift */; };
		491C3CDA291A0BF800A62CDD /* SceneDelegate.swift in Sources */ = {isa = PBXBuildFile; fileRef = 491C3CD9291A0BF800A62CDD /* SceneDelegate.swift */; };
		491C3CE1291A0BF900A62CDD /* Assets.xcassets in Resources */ = {isa = PBXBuildFile; fileRef = 491C3CE0291A0BF900A62CDD /* Assets.xcassets */; };
		491C3CE4291A0BF900A62CDD /* LaunchScreen.storyboard in Resources */ = {isa = PBXBuildFile; fileRef = 491C3CE2291A0BF900A62CDD /* LaunchScreen.storyboard */; };
		491C3CF5291A0F4600A62CDD /* HomeRouter.swift in Sources */ = {isa = PBXBuildFile; fileRef = 491C3CF4291A0F4600A62CDD /* HomeRouter.swift */; };
		491C3CF8291A117200A62CDD /* CustomRecipeCell.swift in Sources */ = {isa = PBXBuildFile; fileRef = 491C3CF6291A117200A62CDD /* CustomRecipeCell.swift */; };
		491C3CF9291A117200A62CDD /* CustomRecipeCell.xib in Resources */ = {isa = PBXBuildFile; fileRef = 491C3CF7291A117200A62CDD /* CustomRecipeCell.xib */; };
		491C3CFC291A163100A62CDD /* HomeView.swift in Sources */ = {isa = PBXBuildFile; fileRef = 491C3CFA291A163100A62CDD /* HomeView.swift */; };
		491C3CFD291A163100A62CDD /* HomeView.xib in Resources */ = {isa = PBXBuildFile; fileRef = 491C3CFB291A163100A62CDD /* HomeView.xib */; };
		493632BA291A919500FA9BB4 /* HomeViewModel.swift in Sources */ = {isa = PBXBuildFile; fileRef = 493632B9291A919500FA9BB4 /* HomeViewModel.swift */; };
		493632BC291A9E2300FA9BB4 /* Recipe.swift in Sources */ = {isa = PBXBuildFile; fileRef = 493632BB291A9E2300FA9BB4 /* Recipe.swift */; };
		493632C1291A9FCB00FA9BB4 /* ApiManager.swift in Sources */ = {isa = PBXBuildFile; fileRef = 493632C0291A9FCB00FA9BB4 /* ApiManager.swift */; };
		493632C3291AA05500FA9BB4 /* Constants.swift in Sources */ = {isa = PBXBuildFile; fileRef = 493632C2291AA05500FA9BB4 /* Constants.swift */; };
/* End PBXBuildFile section */

/* Begin PBXFileReference section */
		491C3CD4291A0BF800A62CDD /* recipe app.app */ = {isa = PBXFileReference; explicitFileType = wrapper.application; includeInIndex = 0; path = "recipe app.app"; sourceTree = BUILT_PRODUCTS_DIR; };
		491C3CD7291A0BF800A62CDD /* AppDelegate.swift */ = {isa = PBXFileReference; lastKnownFileType = sourcecode.swift; path = AppDelegate.swift; sourceTree = "<group>"; };
		491C3CD9291A0BF800A62CDD /* SceneDelegate.swift */ = {isa = PBXFileReference; lastKnownFileType = sourcecode.swift; path = SceneDelegate.swift; sourceTree = "<group>"; };
		491C3CE0291A0BF900A62CDD /* Assets.xcassets */ = {isa = PBXFileReference; lastKnownFileType = folder.assetcatalog; path = Assets.xcassets; sourceTree = "<group>"; };
		491C3CE3291A0BF900A62CDD /* Base */ = {isa = PBXFileReference; lastKnownFileType = file.storyboard; name = Base; path = Base.lproj/LaunchScreen.storyboard; sourceTree = "<group>"; };
		491C3CE5291A0BF900A62CDD /* Info.plist */ = {isa = PBXFileReference; lastKnownFileType = text.plist.xml; path = Info.plist; sourceTree = "<group>"; };
		491C3CF4291A0F4600A62CDD /* HomeRouter.swift */ = {isa = PBXFileReference; lastKnownFileType = sourcecode.swift; path = HomeRouter.swift; sourceTree = "<group>"; };
		491C3CF6291A117200A62CDD /* CustomRecipeCell.swift */ = {isa = PBXFileReference; lastKnownFileType = sourcecode.swift; path = CustomRecipeCell.swift; sourceTree = "<group>"; };
		491C3CF7291A117200A62CDD /* CustomRecipeCell.xib */ = {isa = PBXFileReference; lastKnownFileType = file.xib; path = CustomRecipeCell.xib; sourceTree = "<group>"; };
		491C3CFA291A163100A62CDD /* HomeView.swift */ = {isa = PBXFileReference; lastKnownFileType = sourcecode.swift; path = HomeView.swift; sourceTree = "<group>"; };
		491C3CFB291A163100A62CDD /* HomeView.xib */ = {isa = PBXFileReference; lastKnownFileType = file.xib; path = HomeView.xib; sourceTree = "<group>"; };
		493632B9291A919500FA9BB4 /* HomeViewModel.swift */ = {isa = PBXFileReference; lastKnownFileType = sourcecode.swift; path = HomeViewModel.swift; sourceTree = "<group>"; };
		493632BB291A9E2300FA9BB4 /* Recipe.swift */ = {isa = PBXFileReference; lastKnownFileType = sourcecode.swift; path = Recipe.swift; sourceTree = "<group>"; };
		493632C0291A9FCB00FA9BB4 /* ApiManager.swift */ = {isa = PBXFileReference; lastKnownFileType = sourcecode.swift; path = ApiManager.swift; sourceTree = "<group>"; };
		493632C2291AA05500FA9BB4 /* Constants.swift */ = {isa = PBXFileReference; lastKnownFileType = sourcecode.swift; path = Constants.swift; sourceTree = "<group>"; };
/* End PBXFileReference section */

/* Begin PBXFrameworksBuildPhase section */
		491C3CD1291A0BF800A62CDD /* Frameworks */ = {
			isa = PBXFrameworksBuildPhase;
			buildActionMask = 2147483647;
			files = (
			);
			runOnlyForDeploymentPostprocessing = 0;
		};
/* End PBXFrameworksBuildPhase section */

/* Begin PBXGroup section */
		491C3CCB291A0BF800A62CDD = {
			isa = PBXGroup;
			children = (
				491C3CD6291A0BF800A62CDD /* recipe app */,
				491C3CD5291A0BF800A62CDD /* Products */,
			);
			sourceTree = "<group>";
		};
		491C3CD5291A0BF800A62CDD /* Products */ = {
			isa = PBXGroup;
			children = (
				491C3CD4291A0BF800A62CDD /* recipe app.app */,
			);
			name = Products;
			sourceTree = "<group>";
		};
		491C3CD6291A0BF800A62CDD /* recipe app */ = {
			isa = PBXGroup;
			children = (
				491C3CD7291A0BF800A62CDD /* AppDelegate.swift */,
				491C3CD9291A0BF800A62CDD /* SceneDelegate.swift */,
				491C3CEB291A0CCD00A62CDD /* Home */,
				491C3CEC291A0CD400A62CDD /* Detail */,
				491C3CED291A0CDF00A62CDD /* Map */,
				493632BD291A9F9500FA9BB4 /* Resources */,
				491C3CE0291A0BF900A62CDD /* Assets.xcassets */,
				491C3CE2291A0BF900A62CDD /* LaunchScreen.storyboard */,
				491C3CE5291A0BF900A62CDD /* Info.plist */,
			);
			path = "recipe app";
			sourceTree = "<group>";
		};
		491C3CEB291A0CCD00A62CDD /* Home */ = {
			isa = PBXGroup;
			children = (
				493632B7291A916C00FA9BB4 /* Model */,
				491C3CF2291A0E5800A62CDD /* View */,
				493632B6291A916100FA9BB4 /* ViewModel */,
				491C3CF3291A0EA000A62CDD /* Router */,
			);
			path = Home;
			sourceTree = "<group>";
		};
		491C3CEC291A0CD400A62CDD /* Detail */ = {
			isa = PBXGroup;
			children = (
			);
			path = Detail;
			sourceTree = "<group>";
		};
		491C3CED291A0CDF00A62CDD /* Map */ = {
			isa = PBXGroup;
			children = (
			);
			path = Map;
			sourceTree = "<group>";
		};
		491C3CF2291A0E5800A62CDD /* View */ = {
			isa = PBXGroup;
			children = (
				491C3CF6291A117200A62CDD /* CustomRecipeCell.swift */,
				491C3CF7291A117200A62CDD /* CustomRecipeCell.xib */,
				491C3CFA291A163100A62CDD /* HomeView.swift */,
				491C3CFB291A163100A62CDD /* HomeView.xib */,
			);
			path = View;
			sourceTree = "<group>";
		};
		491C3CF3291A0EA000A62CDD /* Router */ = {
			isa = PBXGroup;
			children = (
				491C3CF4291A0F4600A62CDD /* HomeRouter.swift */,
			);
			path = Router;
			sourceTree = "<group>";
		};
		493632B6291A916100FA9BB4 /* ViewModel */ = {
			isa = PBXGroup;
			children = (
				493632B9291A919500FA9BB4 /* HomeViewModel.swift */,
			);
			path = ViewModel;
			sourceTree = "<group>";
		};
		493632B7291A916C00FA9BB4 /* Model */ = {
			isa = PBXGroup;
			children = (
				493632BB291A9E2300FA9BB4 /* Recipe.swift */,
			);
			path = Model;
			sourceTree = "<group>";
		};
		493632BD291A9F9500FA9BB4 /* Resources */ = {
			isa = PBXGroup;
			children = (
				493632BE291A9FA300FA9BB4 /* Networking */,
				493632C2291AA05500FA9BB4 /* Constants.swift */,
			);
			path = Resources;
			sourceTree = "<group>";
		};
		493632BE291A9FA300FA9BB4 /* Networking */ = {
			isa = PBXGroup;
			children = (
				493632C0291A9FCB00FA9BB4 /* ApiManager.swift */,
			);
			path = Networking;
			sourceTree = "<group>";
		};
/* End PBXGroup section */

/* Begin PBXNativeTarget section */
		491C3CD3291A0BF800A62CDD /* recipe app */ = {
			isa = PBXNativeTarget;
			buildConfigurationList = 491C3CE8291A0BF900A62CDD /* Build configuration list for PBXNativeTarget "recipe app" */;
			buildPhases = (
				491C3CD0291A0BF800A62CDD /* Sources */,
				491C3CD1291A0BF800A62CDD /* Frameworks */,
				491C3CD2291A0BF800A62CDD /* Resources */,
			);
			buildRules = (
			);
			dependencies = (
			);
			name = "recipe app";
			productName = "recipe app";
			productReference = 491C3CD4291A0BF800A62CDD /* recipe app.app */;
			productType = "com.apple.product-type.application";
		};
/* End PBXNativeTarget section */

/* Begin PBXProject section */
		491C3CCC291A0BF800A62CDD /* Project object */ = {
			isa = PBXProject;
			attributes = {
				BuildIndependentTargetsInParallel = 1;
				LastSwiftUpdateCheck = 1410;
				LastUpgradeCheck = 1410;
				TargetAttributes = {
					491C3CD3291A0BF800A62CDD = {
						CreatedOnToolsVersion = 14.1;
					};
				};
			};
			buildConfigurationList = 491C3CCF291A0BF800A62CDD /* Build configuration list for PBXProject "recipe app" */;
			compatibilityVersion = "Xcode 14.0";
			developmentRegion = en;
			hasScannedForEncodings = 0;
			knownRegions = (
				en,
				Base,
			);
			mainGroup = 491C3CCB291A0BF800A62CDD;
			productRefGroup = 491C3CD5291A0BF800A62CDD /* Products */;
			projectDirPath = "";
			projectRoot = "";
			targets = (
				491C3CD3291A0BF800A62CDD /* recipe app */,
			);
		};
/* End PBXProject section */

/* Begin PBXResourcesBuildPhase section */
		491C3CD2291A0BF800A62CDD /* Resources */ = {
			isa = PBXResourcesBuildPhase;
			buildActionMask = 2147483647;
			files = (
				491C3CF9291A117200A62CDD /* CustomRecipeCell.xib in Resources */,
				491C3CFD291A163100A62CDD /* HomeView.xib in Resources */,
				491C3CE4291A0BF900A62CDD /* LaunchScreen.storyboard in Resources */,
				491C3CE1291A0BF900A62CDD /* Assets.xcassets in Resources */,
			);
			runOnlyForDeploymentPostprocessing = 0;
		};
/* End PBXResourcesBuildPhase section */

/* Begin PBXSourcesBuildPhase section */
		491C3CD0291A0BF800A62CDD /* Sources */ = {
			isa = PBXSourcesBuildPhase;
			buildActionMask = 2147483647;
			files = (
				493632C1291A9FCB00FA9BB4 /* ApiManager.swift in Sources */,
				491C3CF5291A0F4600A62CDD /* HomeRouter.swift in Sources */,
				493632BA291A919500FA9BB4 /* HomeViewModel.swift in Sources */,
				493632BC291A9E2300FA9BB4 /* Recipe.swift in Sources */,
				491C3CD8291A0BF800A62CDD /* AppDelegate.swift in Sources */,
				491C3CDA291A0BF800A62CDD /* SceneDelegate.swift in Sources */,
				491C3CFC291A163100A62CDD /* HomeView.swift in Sources */,
				491C3CF8291A117200A62CDD /* CustomRecipeCell.swift in Sources */,
				493632C3291AA05500FA9BB4 /* Constants.swift in Sources */,
			);
			runOnlyForDeploymentPostprocessing = 0;
		};
/* End PBXSourcesBuildPhase section */

/* Begin PBXVariantGroup section */
		491C3CE2291A0BF900A62CDD /* LaunchScreen.storyboard */ = {
			isa = PBXVariantGroup;
			children = (
				491C3CE3291A0BF900A62CDD /* Base */,
			);
			name = LaunchScreen.storyboard;
			sourceTree = "<group>";
		};
/* End PBXVariantGroup section */

/* Begin XCBuildConfiguration section */
		491C3CE6291A0BF900A62CDD /* Debug */ = {
			isa = XCBuildConfiguration;
			buildSettings = {
				ALWAYS_SEARCH_USER_PATHS = NO;
				CLANG_ANALYZER_NONNULL = YES;
				CLANG_ANALYZER_NUMBER_OBJECT_CONVERSION = YES_AGGRESSIVE;
				CLANG_CXX_LANGUAGE_STANDARD = "gnu++20";
				CLANG_ENABLE_MODULES = YES;
				CLANG_ENABLE_OBJC_ARC = YES;
				CLANG_ENABLE_OBJC_WEAK = YES;
				CLANG_WARN_BLOCK_CAPTURE_AUTORELEASING = YES;
				CLANG_WARN_BOOL_CONVERSION = YES;
				CLANG_WARN_COMMA = YES;
				CLANG_WARN_CONSTANT_CONVERSION = YES;
				CLANG_WARN_DEPRECATED_OBJC_IMPLEMENTATIONS = YES;
				CLANG_WARN_DIRECT_OBJC_ISA_USAGE = YES_ERROR;
				CLANG_WARN_DOCUMENTATION_COMMENTS = YES;
				CLANG_WARN_EMPTY_BODY = YES;
				CLANG_WARN_ENUM_CONVERSION = YES;
				CLANG_WARN_INFINITE_RECURSION = YES;
				CLANG_WARN_INT_CONVERSION = YES;
				CLANG_WARN_NON_LITERAL_NULL_CONVERSION = YES;
				CLANG_WARN_OBJC_IMPLICIT_RETAIN_SELF = YES;
				CLANG_WARN_OBJC_LITERAL_CONVERSION = YES;
				CLANG_WARN_OBJC_ROOT_CLASS = YES_ERROR;
				CLANG_WARN_QUOTED_INCLUDE_IN_FRAMEWORK_HEADER = YES;
				CLANG_WARN_RANGE_LOOP_ANALYSIS = YES;
				CLANG_WARN_STRICT_PROTOTYPES = YES;
				CLANG_WARN_SUSPICIOUS_MOVE = YES;
				CLANG_WARN_UNGUARDED_AVAILABILITY = YES_AGGRESSIVE;
				CLANG_WARN_UNREACHABLE_CODE = YES;
				CLANG_WARN__DUPLICATE_METHOD_MATCH = YES;
				COPY_PHASE_STRIP = NO;
				DEBUG_INFORMATION_FORMAT = dwarf;
				ENABLE_STRICT_OBJC_MSGSEND = YES;
				ENABLE_TESTABILITY = YES;
				GCC_C_LANGUAGE_STANDARD = gnu11;
				GCC_DYNAMIC_NO_PIC = NO;
				GCC_NO_COMMON_BLOCKS = YES;
				GCC_OPTIMIZATION_LEVEL = 0;
				GCC_PREPROCESSOR_DEFINITIONS = (
					"DEBUG=1",
					"$(inherited)",
				);
				GCC_WARN_64_TO_32_BIT_CONVERSION = YES;
				GCC_WARN_ABOUT_RETURN_TYPE = YES_ERROR;
				GCC_WARN_UNDECLARED_SELECTOR = YES;
				GCC_WARN_UNINITIALIZED_AUTOS = YES_AGGRESSIVE;
				GCC_WARN_UNUSED_FUNCTION = YES;
				GCC_WARN_UNUSED_VARIABLE = YES;
				IPHONEOS_DEPLOYMENT_TARGET = 16.1;
				MTL_ENABLE_DEBUG_INFO = INCLUDE_SOURCE;
				MTL_FAST_MATH = YES;
				ONLY_ACTIVE_ARCH = YES;
				SDKROOT = iphoneos;
				SWIFT_ACTIVE_COMPILATION_CONDITIONS = DEBUG;
				SWIFT_OPTIMIZATION_LEVEL = "-Onone";
			};
			name = Debug;
		};
		491C3CE7291A0BF900A62CDD /* Release */ = {
			isa = XCBuildConfiguration;
			buildSettings = {
				ALWAYS_SEARCH_USER_PATHS = NO;
				CLANG_ANALYZER_NONNULL = YES;
				CLANG_ANALYZER_NUMBER_OBJECT_CONVERSION = YES_AGGRESSIVE;
				CLANG_CXX_LANGUAGE_STANDARD = "gnu++20";
				CLANG_ENABLE_MODULES = YES;
				CLANG_ENABLE_OBJC_ARC = YES;
				CLANG_ENABLE_OBJC_WEAK = YES;
				CLANG_WARN_BLOCK_CAPTURE_AUTORELEASING = YES;
				CLANG_WARN_BOOL_CONVERSION = YES;
				CLANG_WARN_COMMA = YES;
				CLANG_WARN_CONSTANT_CONVERSION = YES;
				CLANG_WARN_DEPRECATED_OBJC_IMPLEMENTATIONS = YES;
				CLANG_WARN_DIRECT_OBJC_ISA_USAGE = YES_ERROR;
				CLANG_WARN_DOCUMENTATION_COMMENTS = YES;
				CLANG_WARN_EMPTY_BODY = YES;
				CLANG_WARN_ENUM_CONVERSION = YES;
				CLANG_WARN_INFINITE_RECURSION = YES;
				CLANG_WARN_INT_CONVERSION = YES;
				CLANG_WARN_NON_LITERAL_NULL_CONVERSION = YES;
				CLANG_WARN_OBJC_IMPLICIT_RETAIN_SELF = YES;
				CLANG_WARN_OBJC_LITERAL_CONVERSION = YES;
				CLANG_WARN_OBJC_ROOT_CLASS = YES_ERROR;
				CLANG_WARN_QUOTED_INCLUDE_IN_FRAMEWORK_HEADER = YES;
				CLANG_WARN_RANGE_LOOP_ANALYSIS = YES;
				CLANG_WARN_STRICT_PROTOTYPES = YES;
				CLANG_WARN_SUSPICIOUS_MOVE = YES;
				CLANG_WARN_UNGUARDED_AVAILABILITY = YES_AGGRESSIVE;
				CLANG_WARN_UNREACHABLE_CODE = YES;
				CLANG_WARN__DUPLICATE_METHOD_MATCH = YES;
				COPY_PHASE_STRIP = NO;
				DEBUG_INFORMATION_FORMAT = "dwarf-with-dsym";
				ENABLE_NS_ASSERTIONS = NO;
				ENABLE_STRICT_OBJC_MSGSEND = YES;
				GCC_C_LANGUAGE_STANDARD = gnu11;
				GCC_NO_COMMON_BLOCKS = YES;
				GCC_WARN_64_TO_32_BIT_CONVERSION = YES;
				GCC_WARN_ABOUT_RETURN_TYPE = YES_ERROR;
				GCC_WARN_UNDECLARED_SELECTOR = YES;
				GCC_WARN_UNINITIALIZED_AUTOS = YES_AGGRESSIVE;
				GCC_WARN_UNUSED_FUNCTION = YES;
				GCC_WARN_UNUSED_VARIABLE = YES;
				IPHONEOS_DEPLOYMENT_TARGET = 16.1;
				MTL_ENABLE_DEBUG_INFO = NO;
				MTL_FAST_MATH = YES;
				SDKROOT = iphoneos;
				SWIFT_COMPILATION_MODE = wholemodule;
				SWIFT_OPTIMIZATION_LEVEL = "-O";
				VALIDATE_PRODUCT = YES;
			};
			name = Release;
		};
		491C3CE9291A0BF900A62CDD /* Debug */ = {
			isa = XCBuildConfiguration;
			buildSettings = {
				ASSETCATALOG_COMPILER_APPICON_NAME = AppIcon;
				ASSETCATALOG_COMPILER_GLOBAL_ACCENT_COLOR_NAME = AccentColor;
				CODE_SIGN_STYLE = Automatic;
				CURRENT_PROJECT_VERSION = 1;
				DEVELOPMENT_TEAM = Q2QYHM75HH;
				GENERATE_INFOPLIST_FILE = YES;
				INFOPLIST_FILE = "recipe app/Info.plist";
				INFOPLIST_KEY_UIApplicationSupportsIndirectInputEvents = YES;
				INFOPLIST_KEY_UILaunchStoryboardName = LaunchScreen;
				INFOPLIST_KEY_UISupportedInterfaceOrientations = UIInterfaceOrientationPortrait;
				INFOPLIST_KEY_UISupportedInterfaceOrientations_iPad = "UIInterfaceOrientationLandscapeLeft UIInterfaceOrientationLandscapeRight UIInterfaceOrientationPortrait UIInterfaceOrientationPortraitUpsideDown";
				LD_RUNPATH_SEARCH_PATHS = (
					"$(inherited)",
					"@executable_path/Frameworks",
				);
				MARKETING_VERSION = 1.0;
				PRODUCT_BUNDLE_IDENTIFIER = "com.fabriziopastor.recipe-app";
				PRODUCT_NAME = "$(TARGET_NAME)";
				SUPPORTED_PLATFORMS = "iphoneos iphonesimulator";
				SUPPORTS_MACCATALYST = NO;
				SUPPORTS_MAC_DESIGNED_FOR_IPHONE_IPAD = NO;
				SWIFT_EMIT_LOC_STRINGS = YES;
				SWIFT_VERSION = 5.0;
				TARGETED_DEVICE_FAMILY = 1;
			};
			name = Debug;
		};
		491C3CEA291A0BF900A62CDD /* Release */ = {
			isa = XCBuildConfiguration;
			buildSettings = {
				ASSETCATALOG_COMPILER_APPICON_NAME = AppIcon;
				ASSETCATALOG_COMPILER_GLOBAL_ACCENT_COLOR_NAME = AccentColor;
				CODE_SIGN_STYLE = Automatic;
				CURRENT_PROJECT_VERSION = 1;
				DEVELOPMENT_TEAM = Q2QYHM75HH;
				GENERATE_INFOPLIST_FILE = YES;
				INFOPLIST_FILE = "recipe app/Info.plist";
				INFOPLIST_KEY_UIApplicationSupportsIndirectInputEvents = YES;
				INFOPLIST_KEY_UILaunchStoryboardName = LaunchScreen;
				INFOPLIST_KEY_UISupportedInterfaceOrientations = UIInterfaceOrientationPortrait;
				INFOPLIST_KEY_UISupportedInterfaceOrientations_iPad = "UIInterfaceOrientationLandscapeLeft UIInterfaceOrientationLandscapeRight UIInterfaceOrientationPortrait UIInterfaceOrientationPortraitUpsideDown";
				LD_RUNPATH_SEARCH_PATHS = (
					"$(inherited)",
					"@executable_path/Frameworks",
				);
				MARKETING_VERSION = 1.0;
				PRODUCT_BUNDLE_IDENTIFIER = "com.fabriziopastor.recipe-app";
				PRODUCT_NAME = "$(TARGET_NAME)";
				SUPPORTED_PLATFORMS = "iphoneos iphonesimulator";
				SUPPORTS_MACCATALYST = NO;
				SUPPORTS_MAC_DESIGNED_FOR_IPHONE_IPAD = NO;
				SWIFT_EMIT_LOC_STRINGS = YES;
				SWIFT_VERSION = 5.0;
				TARGETED_DEVICE_FAMILY = 1;
			};
			name = Release;
		};
/* End XCBuildConfiguration section */

/* Begin XCConfigurationList section */
		491C3CCF291A0BF800A62CDD /* Build configuration list for PBXProject "recipe app" */ = {
			isa = XCConfigurationList;
			buildConfigurations = (
				491C3CE6291A0BF900A62CDD /* Debug */,
				491C3CE7291A0BF900A62CDD /* Release */,
			);
			defaultConfigurationIsVisible = 0;
			defaultConfigurationName = Release;
		};
		491C3CE8291A0BF900A62CDD /* Build configuration list for PBXNativeTarget "recipe app" */ = {
			isa = XCConfigurationList;
			buildConfigurations = (
				491C3CE9291A0BF900A62CDD /* Debug */,
				491C3CEA291A0BF900A62CDD /* Release */,
			);
			defaultConfigurationIsVisible = 0;
			defaultConfigurationName = Release;
		};
/* End XCConfigurationList section */
	};
	rootObject = 491C3CCC291A0BF800A62CDD /* Project object */;
}
