// !$*UTF8*$!
{
	archiveVersion = 1;
	classes = {
	};
	objectVersion = 56;
	objects = {

/* Begin PBXBuildFile section */
		45EB4E052ADD0275009AF864 /* Coordinator.swift in Sources */ = {isa = PBXBuildFile; fileRef = 45EB4E042ADD0275009AF864 /* Coordinator.swift */; };
		45EB4E072ADD0330009AF864 /* AppCoordinator.swift in Sources */ = {isa = PBXBuildFile; fileRef = 45EB4E062ADD0330009AF864 /* AppCoordinator.swift */; };
		45EB4E0A2ADD0596009AF864 /* HomeCoordinator.swift in Sources */ = {isa = PBXBuildFile; fileRef = 45EB4E092ADD0596009AF864 /* HomeCoordinator.swift */; };
		491C3CD8291A0BF800A62CDD /* AppDelegate.swift in Sources */ = {isa = PBXBuildFile; fileRef = 491C3CD7291A0BF800A62CDD /* AppDelegate.swift */; };
		491C3CDA291A0BF800A62CDD /* SceneDelegate.swift in Sources */ = {isa = PBXBuildFile; fileRef = 491C3CD9291A0BF800A62CDD /* SceneDelegate.swift */; };
		491C3CE1291A0BF900A62CDD /* Assets.xcassets in Resources */ = {isa = PBXBuildFile; fileRef = 491C3CE0291A0BF900A62CDD /* Assets.xcassets */; };
		491C3CE4291A0BF900A62CDD /* LaunchScreen.storyboard in Resources */ = {isa = PBXBuildFile; fileRef = 491C3CE2291A0BF900A62CDD /* LaunchScreen.storyboard */; };
		491C3CF8291A117200A62CDD /* CustomRecipeCell.swift in Sources */ = {isa = PBXBuildFile; fileRef = 491C3CF6291A117200A62CDD /* CustomRecipeCell.swift */; };
		491C3CF9291A117200A62CDD /* CustomRecipeCell.xib in Resources */ = {isa = PBXBuildFile; fileRef = 491C3CF7291A117200A62CDD /* CustomRecipeCell.xib */; };
		491C3CFC291A163100A62CDD /* HomeView.swift in Sources */ = {isa = PBXBuildFile; fileRef = 491C3CFA291A163100A62CDD /* HomeView.swift */; };
		491C3CFD291A163100A62CDD /* HomeView.xib in Resources */ = {isa = PBXBuildFile; fileRef = 491C3CFB291A163100A62CDD /* HomeView.xib */; };
		493632BA291A919500FA9BB4 /* HomeViewModel.swift in Sources */ = {isa = PBXBuildFile; fileRef = 493632B9291A919500FA9BB4 /* HomeViewModel.swift */; };
		493632BC291A9E2300FA9BB4 /* Recipe.swift in Sources */ = {isa = PBXBuildFile; fileRef = 493632BB291A9E2300FA9BB4 /* Recipe.swift */; };
		493632C1291A9FCB00FA9BB4 /* ApiManager.swift in Sources */ = {isa = PBXBuildFile; fileRef = 493632C0291A9FCB00FA9BB4 /* ApiManager.swift */; };
		493632C3291AA05500FA9BB4 /* Constants.swift in Sources */ = {isa = PBXBuildFile; fileRef = 493632C2291AA05500FA9BB4 /* Constants.swift */; };
		493632D1291AC2A500FA9BB4 /* DetailView.swift in Sources */ = {isa = PBXBuildFile; fileRef = 493632CF291AC2A500FA9BB4 /* DetailView.swift */; };
		493632D2291AC2A500FA9BB4 /* DetailView.xib in Resources */ = {isa = PBXBuildFile; fileRef = 493632D0291AC2A500FA9BB4 /* DetailView.xib */; };
		493632D7291AF6D300FA9BB4 /* DetailRouter.swift in Sources */ = {isa = PBXBuildFile; fileRef = 493632D6291AF6D300FA9BB4 /* DetailRouter.swift */; };
		493632D9291AF7F700FA9BB4 /* DetailViewModel.swift in Sources */ = {isa = PBXBuildFile; fileRef = 493632D8291AF7F700FA9BB4 /* DetailViewModel.swift */; };
		493632DB291B031700FA9BB4 /* RecipeDetail.swift in Sources */ = {isa = PBXBuildFile; fileRef = 493632DA291B031700FA9BB4 /* RecipeDetail.swift */; };
		49424402291BF54900DA3D05 /* MapRouter.swift in Sources */ = {isa = PBXBuildFile; fileRef = 49424401291BF54900DA3D05 /* MapRouter.swift */; };
		49424405291BF89100DA3D05 /* MapViewModel.swift in Sources */ = {isa = PBXBuildFile; fileRef = 49424404291BF89100DA3D05 /* MapViewModel.swift */; };
		49B963F0291B479100693DD1 /* MapView.swift in Sources */ = {isa = PBXBuildFile; fileRef = 49B963EE291B479100693DD1 /* MapView.swift */; };
		49B963F1291B479100693DD1 /* MapView.xib in Resources */ = {isa = PBXBuildFile; fileRef = 49B963EF291B479100693DD1 /* MapView.xib */; };
		49B963F4291B560600693DD1 /* MKMapViewExtension.swift in Sources */ = {isa = PBXBuildFile; fileRef = 49B963F3291B560600693DD1 /* MKMapViewExtension.swift */; };
		CC3F5A090E28CC4B3EBFA1FD /* Pods_recipe_app.framework in Frameworks */ = {isa = PBXBuildFile; fileRef = CD4585FAEB393F93D403B532 /* Pods_recipe_app.framework */; };
/* End PBXBuildFile section */

/* Begin PBXFileReference section */
		03769B52CEC11F28F2CCDE00 /* Pods-recipe-app.release.xcconfig */ = {isa = PBXFileReference; includeInIndex = 1; lastKnownFileType = text.xcconfig; name = "Pods-recipe-app.release.xcconfig"; path = "Target Support Files/Pods-recipe-app/Pods-recipe-app.release.xcconfig"; sourceTree = "<group>"; };
		45EB4E042ADD0275009AF864 /* Coordinator.swift */ = {isa = PBXFileReference; lastKnownFileType = sourcecode.swift; path = Coordinator.swift; sourceTree = "<group>"; };
		45EB4E062ADD0330009AF864 /* AppCoordinator.swift */ = {isa = PBXFileReference; lastKnownFileType = sourcecode.swift; path = AppCoordinator.swift; sourceTree = "<group>"; };
		45EB4E092ADD0596009AF864 /* HomeCoordinator.swift */ = {isa = PBXFileReference; lastKnownFileType = sourcecode.swift; path = HomeCoordinator.swift; sourceTree = "<group>"; };
		491C3CD4291A0BF800A62CDD /* recipe-app.app */ = {isa = PBXFileReference; explicitFileType = wrapper.application; includeInIndex = 0; path = "recipe-app.app"; sourceTree = BUILT_PRODUCTS_DIR; };
		491C3CD7291A0BF800A62CDD /* AppDelegate.swift */ = {isa = PBXFileReference; lastKnownFileType = sourcecode.swift; path = AppDelegate.swift; sourceTree = "<group>"; };
		491C3CD9291A0BF800A62CDD /* SceneDelegate.swift */ = {isa = PBXFileReference; lastKnownFileType = sourcecode.swift; path = SceneDelegate.swift; sourceTree = "<group>"; };
		491C3CE0291A0BF900A62CDD /* Assets.xcassets */ = {isa = PBXFileReference; lastKnownFileType = folder.assetcatalog; path = Assets.xcassets; sourceTree = "<group>"; };
		491C3CE3291A0BF900A62CDD /* Base */ = {isa = PBXFileReference; lastKnownFileType = file.storyboard; name = Base; path = Base.lproj/LaunchScreen.storyboard; sourceTree = "<group>"; };
		491C3CE5291A0BF900A62CDD /* Info.plist */ = {isa = PBXFileReference; lastKnownFileType = text.plist.xml; path = Info.plist; sourceTree = "<group>"; };
		491C3CF6291A117200A62CDD /* CustomRecipeCell.swift */ = {isa = PBXFileReference; lastKnownFileType = sourcecode.swift; path = CustomRecipeCell.swift; sourceTree = "<group>"; };
		491C3CF7291A117200A62CDD /* CustomRecipeCell.xib */ = {isa = PBXFileReference; lastKnownFileType = file.xib; path = CustomRecipeCell.xib; sourceTree = "<group>"; };
		491C3CFA291A163100A62CDD /* HomeView.swift */ = {isa = PBXFileReference; lastKnownFileType = sourcecode.swift; path = HomeView.swift; sourceTree = "<group>"; };
		491C3CFB291A163100A62CDD /* HomeView.xib */ = {isa = PBXFileReference; lastKnownFileType = file.xib; path = HomeView.xib; sourceTree = "<group>"; };
		493632B9291A919500FA9BB4 /* HomeViewModel.swift */ = {isa = PBXFileReference; lastKnownFileType = sourcecode.swift; path = HomeViewModel.swift; sourceTree = "<group>"; };
		493632BB291A9E2300FA9BB4 /* Recipe.swift */ = {isa = PBXFileReference; lastKnownFileType = sourcecode.swift; path = Recipe.swift; sourceTree = "<group>"; };
		493632C0291A9FCB00FA9BB4 /* ApiManager.swift */ = {isa = PBXFileReference; lastKnownFileType = sourcecode.swift; path = ApiManager.swift; sourceTree = "<group>"; };
		493632C2291AA05500FA9BB4 /* Constants.swift */ = {isa = PBXFileReference; lastKnownFileType = sourcecode.swift; path = Constants.swift; sourceTree = "<group>"; };
		493632CF291AC2A500FA9BB4 /* DetailView.swift */ = {isa = PBXFileReference; lastKnownFileType = sourcecode.swift; path = DetailView.swift; sourceTree = "<group>"; };
		493632D0291AC2A500FA9BB4 /* DetailView.xib */ = {isa = PBXFileReference; lastKnownFileType = file.xib; path = DetailView.xib; sourceTree = "<group>"; };
		493632D6291AF6D300FA9BB4 /* DetailRouter.swift */ = {isa = PBXFileReference; lastKnownFileType = sourcecode.swift; path = DetailRouter.swift; sourceTree = "<group>"; };
		493632D8291AF7F700FA9BB4 /* DetailViewModel.swift */ = {isa = PBXFileReference; lastKnownFileType = sourcecode.swift; path = DetailViewModel.swift; sourceTree = "<group>"; };
		493632DA291B031700FA9BB4 /* RecipeDetail.swift */ = {isa = PBXFileReference; lastKnownFileType = sourcecode.swift; path = RecipeDetail.swift; sourceTree = "<group>"; };
		49424401291BF54900DA3D05 /* MapRouter.swift */ = {isa = PBXFileReference; lastKnownFileType = sourcecode.swift; path = MapRouter.swift; sourceTree = "<group>"; };
		49424404291BF89100DA3D05 /* MapViewModel.swift */ = {isa = PBXFileReference; lastKnownFileType = sourcecode.swift; path = MapViewModel.swift; sourceTree = "<group>"; };
		49B963EE291B479100693DD1 /* MapView.swift */ = {isa = PBXFileReference; lastKnownFileType = sourcecode.swift; path = MapView.swift; sourceTree = "<group>"; };
		49B963EF291B479100693DD1 /* MapView.xib */ = {isa = PBXFileReference; lastKnownFileType = file.xib; path = MapView.xib; sourceTree = "<group>"; };
		49B963F3291B560600693DD1 /* MKMapViewExtension.swift */ = {isa = PBXFileReference; lastKnownFileType = sourcecode.swift; path = MKMapViewExtension.swift; sourceTree = "<group>"; };
		A6B677D96A8A6E6FD6A64396 /* Pods-recipe-app.debug.xcconfig */ = {isa = PBXFileReference; includeInIndex = 1; lastKnownFileType = text.xcconfig; name = "Pods-recipe-app.debug.xcconfig"; path = "Target Support Files/Pods-recipe-app/Pods-recipe-app.debug.xcconfig"; sourceTree = "<group>"; };
		CD4585FAEB393F93D403B532 /* Pods_recipe_app.framework */ = {isa = PBXFileReference; explicitFileType = wrapper.framework; includeInIndex = 0; path = Pods_recipe_app.framework; sourceTree = BUILT_PRODUCTS_DIR; };
/* End PBXFileReference section */

/* Begin PBXFrameworksBuildPhase section */
		491C3CD1291A0BF800A62CDD /* Frameworks */ = {
			isa = PBXFrameworksBuildPhase;
			buildActionMask = 2147483647;
			files = (
				CC3F5A090E28CC4B3EBFA1FD /* Pods_recipe_app.framework in Frameworks */,
			);
			runOnlyForDeploymentPostprocessing = 0;
		};
/* End PBXFrameworksBuildPhase section */

/* Begin PBXGroup section */
		45EB4E022ADD023B009AF864 /* Common */ = {
			isa = PBXGroup;
			children = (
				45EB4E032ADD0243009AF864 /* Protocols */,
				45EB4E062ADD0330009AF864 /* AppCoordinator.swift */,
			);
			path = Common;
			sourceTree = "<group>";
		};
		45EB4E032ADD0243009AF864 /* Protocols */ = {
			isa = PBXGroup;
			children = (
				45EB4E042ADD0275009AF864 /* Coordinator.swift */,
			);
			path = Protocols;
			sourceTree = "<group>";
		};
		491C3CCB291A0BF800A62CDD = {
			isa = PBXGroup;
			children = (
				491C3CD6291A0BF800A62CDD /* recipe-app */,
				491C3CD5291A0BF800A62CDD /* Products */,
				C6794C6DC7B544EE2182E6B2 /* Pods */,
				BFCF8BF7DA627A6327181499 /* Frameworks */,
			);
			sourceTree = "<group>";
		};
		491C3CD5291A0BF800A62CDD /* Products */ = {
			isa = PBXGroup;
			children = (
				491C3CD4291A0BF800A62CDD /* recipe-app.app */,
			);
			name = Products;
			sourceTree = "<group>";
		};
		491C3CD6291A0BF800A62CDD /* recipe-app */ = {
			isa = PBXGroup;
			children = (
				45EB4E022ADD023B009AF864 /* Common */,
				491C3CD7291A0BF800A62CDD /* AppDelegate.swift */,
				491C3CD9291A0BF800A62CDD /* SceneDelegate.swift */,
				491C3CEB291A0CCD00A62CDD /* Home */,
				491C3CEC291A0CD400A62CDD /* Detail */,
				491C3CED291A0CDF00A62CDD /* Map */,
				493632BD291A9F9500FA9BB4 /* Resources */,
				491C3CE0291A0BF900A62CDD /* Assets.xcassets */,
				491C3CE2291A0BF900A62CDD /* LaunchScreen.storyboard */,
				491C3CE5291A0BF900A62CDD /* Info.plist */,
			);
			path = "recipe-app";
			sourceTree = "<group>";
		};
		491C3CEB291A0CCD00A62CDD /* Home */ = {
			isa = PBXGroup;
			children = (
				493632B7291A916C00FA9BB4 /* Model */,
				491C3CF2291A0E5800A62CDD /* View */,
				493632B6291A916100FA9BB4 /* ViewModel */,
				45EB4E092ADD0596009AF864 /* HomeCoordinator.swift */,
			);
			path = Home;
			sourceTree = "<group>";
		};
		491C3CEC291A0CD400A62CDD /* Detail */ = {
			isa = PBXGroup;
			children = (
				493632D5291AF6BA00FA9BB4 /* Model */,
				493632CE291AC28B00FA9BB4 /* View */,
				493632D4291AF6AC00FA9BB4 /* ViewModel */,
				493632D3291AF6A400FA9BB4 /* Router */,
			);
			path = Detail;
			sourceTree = "<group>";
		};
		491C3CED291A0CDF00A62CDD /* Map */ = {
			isa = PBXGroup;
			children = (
				49B963ED291B477B00693DD1 /* View */,
				49424403291BF88100DA3D05 /* ViewModel */,
				49424400291BF53700DA3D05 /* Router */,
			);
			path = Map;
			sourceTree = "<group>";
		};
		491C3CF2291A0E5800A62CDD /* View */ = {
			isa = PBXGroup;
			children = (
				491C3CF6291A117200A62CDD /* CustomRecipeCell.swift */,
				491C3CF7291A117200A62CDD /* CustomRecipeCell.xib */,
				491C3CFA291A163100A62CDD /* HomeView.swift */,
				491C3CFB291A163100A62CDD /* HomeView.xib */,
			);
			path = View;
			sourceTree = "<group>";
		};
		493632B6291A916100FA9BB4 /* ViewModel */ = {
			isa = PBXGroup;
			children = (
				493632B9291A919500FA9BB4 /* HomeViewModel.swift */,
			);
			path = ViewModel;
			sourceTree = "<group>";
		};
		493632B7291A916C00FA9BB4 /* Model */ = {
			isa = PBXGroup;
			children = (
				493632BB291A9E2300FA9BB4 /* Recipe.swift */,
			);
			path = Model;
			sourceTree = "<group>";
		};
		493632BD291A9F9500FA9BB4 /* Resources */ = {
			isa = PBXGroup;
			children = (
				49B963F2291B55E900693DD1 /* Extensions */,
				493632BE291A9FA300FA9BB4 /* Networking */,
				493632C2291AA05500FA9BB4 /* Constants.swift */,
			);
			path = Resources;
			sourceTree = "<group>";
		};
		493632BE291A9FA300FA9BB4 /* Networking */ = {
			isa = PBXGroup;
			children = (
				493632C0291A9FCB00FA9BB4 /* ApiManager.swift */,
			);
			path = Networking;
			sourceTree = "<group>";
		};
		493632CE291AC28B00FA9BB4 /* View */ = {
			isa = PBXGroup;
			children = (
				493632CF291AC2A500FA9BB4 /* DetailView.swift */,
				493632D0291AC2A500FA9BB4 /* DetailView.xib */,
			);
			path = View;
			sourceTree = "<group>";
		};
		493632D3291AF6A400FA9BB4 /* Router */ = {
			isa = PBXGroup;
			children = (
				493632D6291AF6D300FA9BB4 /* DetailRouter.swift */,
			);
			path = Router;
			sourceTree = "<group>";
		};
		493632D4291AF6AC00FA9BB4 /* ViewModel */ = {
			isa = PBXGroup;
			children = (
				493632D8291AF7F700FA9BB4 /* DetailViewModel.swift */,
			);
			path = ViewModel;
			sourceTree = "<group>";
		};
		493632D5291AF6BA00FA9BB4 /* Model */ = {
			isa = PBXGroup;
			children = (
				493632DA291B031700FA9BB4 /* RecipeDetail.swift */,
			);
			path = Model;
			sourceTree = "<group>";
		};
		49424400291BF53700DA3D05 /* Router */ = {
			isa = PBXGroup;
			children = (
				49424401291BF54900DA3D05 /* MapRouter.swift */,
			);
			path = Router;
			sourceTree = "<group>";
		};
		49424403291BF88100DA3D05 /* ViewModel */ = {
			isa = PBXGroup;
			children = (
				49424404291BF89100DA3D05 /* MapViewModel.swift */,
			);
			path = ViewModel;
			sourceTree = "<group>";
		};
		49B963ED291B477B00693DD1 /* View */ = {
			isa = PBXGroup;
			children = (
				49B963EE291B479100693DD1 /* MapView.swift */,
				49B963EF291B479100693DD1 /* MapView.xib */,
			);
			path = View;
			sourceTree = "<group>";
		};
		49B963F2291B55E900693DD1 /* Extensions */ = {
			isa = PBXGroup;
			children = (
				49B963F3291B560600693DD1 /* MKMapViewExtension.swift */,
			);
			path = Extensions;
			sourceTree = "<group>";
		};
		BFCF8BF7DA627A6327181499 /* Frameworks */ = {
			isa = PBXGroup;
			children = (
				CD4585FAEB393F93D403B532 /* Pods_recipe_app.framework */,
			);
			name = Frameworks;
			sourceTree = "<group>";
		};
		C6794C6DC7B544EE2182E6B2 /* Pods */ = {
			isa = PBXGroup;
			children = (
				A6B677D96A8A6E6FD6A64396 /* Pods-recipe-app.debug.xcconfig */,
				03769B52CEC11F28F2CCDE00 /* Pods-recipe-app.release.xcconfig */,
			);
			path = Pods;
			sourceTree = "<group>";
		};
/* End PBXGroup section */

/* Begin PBXNativeTarget section */
		491C3CD3291A0BF800A62CDD /* recipe-app */ = {
			isa = PBXNativeTarget;
			buildConfigurationList = 491C3CE8291A0BF900A62CDD /* Build configuration list for PBXNativeTarget "recipe-app" */;
			buildPhases = (
				CDB3E23D70AF9D75B5706BD9 /* [CP] Check Pods Manifest.lock */,
				491C3CD0291A0BF800A62CDD /* Sources */,
				491C3CD1291A0BF800A62CDD /* Frameworks */,
				491C3CD2291A0BF800A62CDD /* Resources */,
				101E8EA058317CBAF9667555 /* [CP] Embed Pods Frameworks */,
			);
			buildRules = (
			);
			dependencies = (
			);
			name = "recipe-app";
			productName = "recipe app";
			productReference = 491C3CD4291A0BF800A62CDD /* recipe-app.app */;
			productType = "com.apple.product-type.application";
		};
/* End PBXNativeTarget section */

/* Begin PBXProject section */
		491C3CCC291A0BF800A62CDD /* Project object */ = {
			isa = PBXProject;
			attributes = {
				BuildIndependentTargetsInParallel = 1;
				LastSwiftUpdateCheck = 1410;
				LastUpgradeCheck = 1500;
				TargetAttributes = {
					491C3CD3291A0BF800A62CDD = {
						CreatedOnToolsVersion = 14.1;
					};
				};
			};
			buildConfigurationList = 491C3CCF291A0BF800A62CDD /* Build configuration list for PBXProject "recipe-app" */;
			compatibilityVersion = "Xcode 14.0";
			developmentRegion = en;
			hasScannedForEncodings = 0;
			knownRegions = (
				en,
				Base,
			);
			mainGroup = 491C3CCB291A0BF800A62CDD;
			productRefGroup = 491C3CD5291A0BF800A62CDD /* Products */;
			projectDirPath = "";
			projectRoot = "";
			targets = (
				491C3CD3291A0BF800A62CDD /* recipe-app */,
			);
		};
/* End PBXProject section */

/* Begin PBXResourcesBuildPhase section */
		491C3CD2291A0BF800A62CDD /* Resources */ = {
			isa = PBXResourcesBuildPhase;
			buildActionMask = 2147483647;
			files = (
				491C3CF9291A117200A62CDD /* CustomRecipeCell.xib in Resources */,
				491C3CFD291A163100A62CDD /* HomeView.xib in Resources */,
				491C3CE4291A0BF900A62CDD /* LaunchScreen.storyboard in Resources */,
				49B963F1291B479100693DD1 /* MapView.xib in Resources */,
				491C3CE1291A0BF900A62CDD /* Assets.xcassets in Resources */,
				493632D2291AC2A500FA9BB4 /* DetailView.xib in Resources */,
			);
			runOnlyForDeploymentPostprocessing = 0;
		};
/* End PBXResourcesBuildPhase section */

/* Begin PBXShellScriptBuildPhase section */
		101E8EA058317CBAF9667555 /* [CP] Embed Pods Frameworks */ = {
			isa = PBXShellScriptBuildPhase;
			buildActionMask = 2147483647;
			files = (
			);
			inputFileListPaths = (
				"${PODS_ROOT}/Target Support Files/Pods-recipe-app/Pods-recipe-app-frameworks-${CONFIGURATION}-input-files.xcfilelist",
			);
			name = "[CP] Embed Pods Frameworks";
			outputFileListPaths = (
				"${PODS_ROOT}/Target Support Files/Pods-recipe-app/Pods-recipe-app-frameworks-${CONFIGURATION}-output-files.xcfilelist",
			);
			runOnlyForDeploymentPostprocessing = 0;
			shellPath = /bin/sh;
			shellScript = "\"${PODS_ROOT}/Target Support Files/Pods-recipe-app/Pods-recipe-app-frameworks.sh\"\n";
			showEnvVarsInLog = 0;
		};
		CDB3E23D70AF9D75B5706BD9 /* [CP] Check Pods Manifest.lock */ = {
			isa = PBXShellScriptBuildPhase;
			buildActionMask = 2147483647;
			files = (
			);
			inputFileListPaths = (
			);
			inputPaths = (
				"${PODS_PODFILE_DIR_PATH}/Podfile.lock",
				"${PODS_ROOT}/Manifest.lock",
			);
			name = "[CP] Check Pods Manifest.lock";
			outputFileListPaths = (
			);
			outputPaths = (
				"$(DERIVED_FILE_DIR)/Pods-recipe-app-checkManifestLockResult.txt",
			);
			runOnlyForDeploymentPostprocessing = 0;
			shellPath = /bin/sh;
			shellScript = "diff \"${PODS_PODFILE_DIR_PATH}/Podfile.lock\" \"${PODS_ROOT}/Manifest.lock\" > /dev/null\nif [ $? != 0 ] ; then\n    # print error to STDERR\n    echo \"error: The sandbox is not in sync with the Podfile.lock. Run 'pod install' or update your CocoaPods installation.\" >&2\n    exit 1\nfi\n# This output is used by Xcode 'outputs' to avoid re-running this script phase.\necho \"SUCCESS\" > \"${SCRIPT_OUTPUT_FILE_0}\"\n";
			showEnvVarsInLog = 0;
		};
/* End PBXShellScriptBuildPhase section */

/* Begin PBXSourcesBuildPhase section */
		491C3CD0291A0BF800A62CDD /* Sources */ = {
			isa = PBXSourcesBuildPhase;
			buildActionMask = 2147483647;
			files = (
				49B963F4291B560600693DD1 /* MKMapViewExtension.swift in Sources */,
				493632C1291A9FCB00FA9BB4 /* ApiManager.swift in Sources */,
				493632DB291B031700FA9BB4 /* RecipeDetail.swift in Sources */,
				493632D7291AF6D300FA9BB4 /* DetailRouter.swift in Sources */,
				493632BA291A919500FA9BB4 /* HomeViewModel.swift in Sources */,
				493632D1291AC2A500FA9BB4 /* DetailView.swift in Sources */,
				493632BC291A9E2300FA9BB4 /* Recipe.swift in Sources */,
				45EB4E052ADD0275009AF864 /* Coordinator.swift in Sources */,
				49B963F0291B479100693DD1 /* MapView.swift in Sources */,
				49424402291BF54900DA3D05 /* MapRouter.swift in Sources */,
				491C3CD8291A0BF800A62CDD /* AppDelegate.swift in Sources */,
				493632D9291AF7F700FA9BB4 /* DetailViewModel.swift in Sources */,
				491C3CDA291A0BF800A62CDD /* SceneDelegate.swift in Sources */,
				49424405291BF89100DA3D05 /* MapViewModel.swift in Sources */,
				45EB4E072ADD0330009AF864 /* AppCoordinator.swift in Sources */,
				491C3CFC291A163100A62CDD /* HomeView.swift in Sources */,
				45EB4E0A2ADD0596009AF864 /* HomeCoordinator.swift in Sources */,
				491C3CF8291A117200A62CDD /* CustomRecipeCell.swift in Sources */,
				493632C3291AA05500FA9BB4 /* Constants.swift in Sources */,
			);
			runOnlyForDeploymentPostprocessing = 0;
		};
/* End PBXSourcesBuildPhase section */

/* Begin PBXVariantGroup section */
		491C3CE2291A0BF900A62CDD /* LaunchScreen.storyboard */ = {
			isa = PBXVariantGroup;
			children = (
				491C3CE3291A0BF900A62CDD /* Base */,
			);
			name = LaunchScreen.storyboard;
			sourceTree = "<group>";
		};
/* End PBXVariantGroup section */

/* Begin XCBuildConfiguration section */
		491C3CE6291A0BF900A62CDD /* Debug */ = {
			isa = XCBuildConfiguration;
			buildSettings = {
				ALWAYS_SEARCH_USER_PATHS = NO;
				CLANG_ANALYZER_NONNULL = YES;
				CLANG_ANALYZER_NUMBER_OBJECT_CONVERSION = YES_AGGRESSIVE;
				CLANG_CXX_LANGUAGE_STANDARD = "gnu++20";
				CLANG_ENABLE_MODULES = YES;
				CLANG_ENABLE_OBJC_ARC = YES;
				CLANG_ENABLE_OBJC_WEAK = YES;
				CLANG_WARN_BLOCK_CAPTURE_AUTORELEASING = YES;
				CLANG_WARN_BOOL_CONVERSION = YES;
				CLANG_WARN_COMMA = YES;
				CLANG_WARN_CONSTANT_CONVERSION = YES;
				CLANG_WARN_DEPRECATED_OBJC_IMPLEMENTATIONS = YES;
				CLANG_WARN_DIRECT_OBJC_ISA_USAGE = YES_ERROR;
				CLANG_WARN_DOCUMENTATION_COMMENTS = YES;
				CLANG_WARN_EMPTY_BODY = YES;
				CLANG_WARN_ENUM_CONVERSION = YES;
				CLANG_WARN_INFINITE_RECURSION = YES;
				CLANG_WARN_INT_CONVERSION = YES;
				CLANG_WARN_NON_LITERAL_NULL_CONVERSION = YES;
				CLANG_WARN_OBJC_IMPLICIT_RETAIN_SELF = YES;
				CLANG_WARN_OBJC_LITERAL_CONVERSION = YES;
				CLANG_WARN_OBJC_ROOT_CLASS = YES_ERROR;
				CLANG_WARN_QUOTED_INCLUDE_IN_FRAMEWORK_HEADER = YES;
				CLANG_WARN_RANGE_LOOP_ANALYSIS = YES;
				CLANG_WARN_STRICT_PROTOTYPES = YES;
				CLANG_WARN_SUSPICIOUS_MOVE = YES;
				CLANG_WARN_UNGUARDED_AVAILABILITY = YES_AGGRESSIVE;
				CLANG_WARN_UNREACHABLE_CODE = YES;
				CLANG_WARN__DUPLICATE_METHOD_MATCH = YES;
				COPY_PHASE_STRIP = NO;
				DEBUG_INFORMATION_FORMAT = dwarf;
				ENABLE_STRICT_OBJC_MSGSEND = YES;
				ENABLE_TESTABILITY = YES;
				ENABLE_USER_SCRIPT_SANDBOXING = NO;
				GCC_C_LANGUAGE_STANDARD = gnu11;
				GCC_DYNAMIC_NO_PIC = NO;
				GCC_NO_COMMON_BLOCKS = YES;
				GCC_OPTIMIZATION_LEVEL = 0;
				GCC_PREPROCESSOR_DEFINITIONS = (
					"DEBUG=1",
					"$(inherited)",
				);
				GCC_WARN_64_TO_32_BIT_CONVERSION = YES;
				GCC_WARN_ABOUT_RETURN_TYPE = YES_ERROR;
				GCC_WARN_UNDECLARED_SELECTOR = YES;
				GCC_WARN_UNINITIALIZED_AUTOS = YES_AGGRESSIVE;
				GCC_WARN_UNUSED_FUNCTION = YES;
				GCC_WARN_UNUSED_VARIABLE = YES;
				IPHONEOS_DEPLOYMENT_TARGET = 16.1;
				MTL_ENABLE_DEBUG_INFO = INCLUDE_SOURCE;
				MTL_FAST_MATH = YES;
				ONLY_ACTIVE_ARCH = YES;
				SDKROOT = iphoneos;
				SWIFT_ACTIVE_COMPILATION_CONDITIONS = DEBUG;
				SWIFT_OPTIMIZATION_LEVEL = "-Onone";
			};
			name = Debug;
		};
		491C3CE7291A0BF900A62CDD /* Release */ = {
			isa = XCBuildConfiguration;
			buildSettings = {
				ALWAYS_SEARCH_USER_PATHS = NO;
				CLANG_ANALYZER_NONNULL = YES;
				CLANG_ANALYZER_NUMBER_OBJECT_CONVERSION = YES_AGGRESSIVE;
				CLANG_CXX_LANGUAGE_STANDARD = "gnu++20";
				CLANG_ENABLE_MODULES = YES;
				CLANG_ENABLE_OBJC_ARC = YES;
				CLANG_ENABLE_OBJC_WEAK = YES;
				CLANG_WARN_BLOCK_CAPTURE_AUTORELEASING = YES;
				CLANG_WARN_BOOL_CONVERSION = YES;
				CLANG_WARN_COMMA = YES;
				CLANG_WARN_CONSTANT_CONVERSION = YES;
				CLANG_WARN_DEPRECATED_OBJC_IMPLEMENTATIONS = YES;
				CLANG_WARN_DIRECT_OBJC_ISA_USAGE = YES_ERROR;
				CLANG_WARN_DOCUMENTATION_COMMENTS = YES;
				CLANG_WARN_EMPTY_BODY = YES;
				CLANG_WARN_ENUM_CONVERSION = YES;
				CLANG_WARN_INFINITE_RECURSION = YES;
				CLANG_WARN_INT_CONVERSION = YES;
				CLANG_WARN_NON_LITERAL_NULL_CONVERSION = YES;
				CLANG_WARN_OBJC_IMPLICIT_RETAIN_SELF = YES;
				CLANG_WARN_OBJC_LITERAL_CONVERSION = YES;
				CLANG_WARN_OBJC_ROOT_CLASS = YES_ERROR;
				CLANG_WARN_QUOTED_INCLUDE_IN_FRAMEWORK_HEADER = YES;
				CLANG_WARN_RANGE_LOOP_ANALYSIS = YES;
				CLANG_WARN_STRICT_PROTOTYPES = YES;
				CLANG_WARN_SUSPICIOUS_MOVE = YES;
				CLANG_WARN_UNGUARDED_AVAILABILITY = YES_AGGRESSIVE;
				CLANG_WARN_UNREACHABLE_CODE = YES;
				CLANG_WARN__DUPLICATE_METHOD_MATCH = YES;
				COPY_PHASE_STRIP = NO;
				DEBUG_INFORMATION_FORMAT = "dwarf-with-dsym";
				ENABLE_NS_ASSERTIONS = NO;
				ENABLE_STRICT_OBJC_MSGSEND = YES;
				ENABLE_USER_SCRIPT_SANDBOXING = NO;
				GCC_C_LANGUAGE_STANDARD = gnu11;
				GCC_NO_COMMON_BLOCKS = YES;
				GCC_WARN_64_TO_32_BIT_CONVERSION = YES;
				GCC_WARN_ABOUT_RETURN_TYPE = YES_ERROR;
				GCC_WARN_UNDECLARED_SELECTOR = YES;
				GCC_WARN_UNINITIALIZED_AUTOS = YES_AGGRESSIVE;
				GCC_WARN_UNUSED_FUNCTION = YES;
				GCC_WARN_UNUSED_VARIABLE = YES;
				IPHONEOS_DEPLOYMENT_TARGET = 16.1;
				MTL_ENABLE_DEBUG_INFO = NO;
				MTL_FAST_MATH = YES;
				SDKROOT = iphoneos;
				SWIFT_COMPILATION_MODE = wholemodule;
				SWIFT_OPTIMIZATION_LEVEL = "-O";
				VALIDATE_PRODUCT = YES;
			};
			name = Release;
		};
		491C3CE9291A0BF900A62CDD /* Debug */ = {
			isa = XCBuildConfiguration;
			baseConfigurationReference = A6B677D96A8A6E6FD6A64396 /* Pods-recipe-app.debug.xcconfig */;
			buildSettings = {
				ASSETCATALOG_COMPILER_APPICON_NAME = AppIcon;
				ASSETCATALOG_COMPILER_GLOBAL_ACCENT_COLOR_NAME = AccentColor;
				CODE_SIGN_STYLE = Automatic;
				CURRENT_PROJECT_VERSION = 1;
				DEVELOPMENT_TEAM = Q2QYHM75HH;
				GENERATE_INFOPLIST_FILE = YES;
				INFOPLIST_FILE = "recipe-app/Info.plist";
				INFOPLIST_KEY_UIApplicationSupportsIndirectInputEvents = YES;
				INFOPLIST_KEY_UILaunchStoryboardName = LaunchScreen;
				INFOPLIST_KEY_UISupportedInterfaceOrientations = UIInterfaceOrientationPortrait;
				INFOPLIST_KEY_UISupportedInterfaceOrientations_iPad = "UIInterfaceOrientationLandscapeLeft UIInterfaceOrientationLandscapeRight UIInterfaceOrientationPortrait UIInterfaceOrientationPortraitUpsideDown";
				LD_RUNPATH_SEARCH_PATHS = (
					"$(inherited)",
					"@executable_path/Frameworks",
				);
				MARKETING_VERSION = 1.0;
				PRODUCT_BUNDLE_IDENTIFIER = "com.fabriziopastor.recipe-app";
				PRODUCT_NAME = "$(TARGET_NAME)";
				SUPPORTED_PLATFORMS = "iphoneos iphonesimulator";
				SUPPORTS_MACCATALYST = NO;
				SUPPORTS_MAC_DESIGNED_FOR_IPHONE_IPAD = NO;
				SWIFT_EMIT_LOC_STRINGS = YES;
				SWIFT_VERSION = 5.0;
				TARGETED_DEVICE_FAMILY = 1;
			};
			name = Debug;
		};
		491C3CEA291A0BF900A62CDD /* Release */ = {
			isa = XCBuildConfiguration;
			baseConfigurationReference = 03769B52CEC11F28F2CCDE00 /* Pods-recipe-app.release.xcconfig */;
			buildSettings = {
				ASSETCATALOG_COMPILER_APPICON_NAME = AppIcon;
				ASSETCATALOG_COMPILER_GLOBAL_ACCENT_COLOR_NAME = AccentColor;
				CODE_SIGN_STYLE = Automatic;
				CURRENT_PROJECT_VERSION = 1;
				DEVELOPMENT_TEAM = Q2QYHM75HH;
				GENERATE_INFOPLIST_FILE = YES;
				INFOPLIST_FILE = "recipe-app/Info.plist";
				INFOPLIST_KEY_UIApplicationSupportsIndirectInputEvents = YES;
				INFOPLIST_KEY_UILaunchStoryboardName = LaunchScreen;
				INFOPLIST_KEY_UISupportedInterfaceOrientations = UIInterfaceOrientationPortrait;
				INFOPLIST_KEY_UISupportedInterfaceOrientations_iPad = "UIInterfaceOrientationLandscapeLeft UIInterfaceOrientationLandscapeRight UIInterfaceOrientationPortrait UIInterfaceOrientationPortraitUpsideDown";
				LD_RUNPATH_SEARCH_PATHS = (
					"$(inherited)",
					"@executable_path/Frameworks",
				);
				MARKETING_VERSION = 1.0;
				PRODUCT_BUNDLE_IDENTIFIER = "com.fabriziopastor.recipe-app";
				PRODUCT_NAME = "$(TARGET_NAME)";
				SUPPORTED_PLATFORMS = "iphoneos iphonesimulator";
				SUPPORTS_MACCATALYST = NO;
				SUPPORTS_MAC_DESIGNED_FOR_IPHONE_IPAD = NO;
				SWIFT_EMIT_LOC_STRINGS = YES;
				SWIFT_VERSION = 5.0;
				TARGETED_DEVICE_FAMILY = 1;
			};
			name = Release;
		};
/* End XCBuildConfiguration section */

/* Begin XCConfigurationList section */
		491C3CCF291A0BF800A62CDD /* Build configuration list for PBXProject "recipe-app" */ = {
			isa = XCConfigurationList;
			buildConfigurations = (
				491C3CE6291A0BF900A62CDD /* Debug */,
				491C3CE7291A0BF900A62CDD /* Release */,
			);
			defaultConfigurationIsVisible = 0;
			defaultConfigurationName = Release;
		};
		491C3CE8291A0BF900A62CDD /* Build configuration list for PBXNativeTarget "recipe-app" */ = {
			isa = XCConfigurationList;
			buildConfigurations = (
				491C3CE9291A0BF900A62CDD /* Debug */,
				491C3CEA291A0BF900A62CDD /* Release */,
			);
			defaultConfigurationIsVisible = 0;
			defaultConfigurationName = Release;
		};
/* End XCConfigurationList section */
	};
	rootObject = 491C3CCC291A0BF800A62CDD /* Project object */;
}
